<?xml version="1.0" encoding="utf-8"?>
<Project ToolsVersion="4.0" xmlns="http://schemas.microsoft.com/developer/msbuild/2003">
  <ItemGroup>
    <Filter Include="_pch">
      <UniqueIdentifier>{93995380-89BD-4b04-88EB-625FBE52EBFB}</UniqueIdentifier>
      <Extensions>h;hh;hpp;hxx;hm;inl;inc;ipp;xsd</Extensions>
    </Filter>
    <Filter Include="Application">
      <UniqueIdentifier>{56ef4ddf-1f75-423f-bd52-c89e0a6d8682}</UniqueIdentifier>
    </Filter>
    <Filter Include="Lib">
      <UniqueIdentifier>{39abdf3c-23ad-40a3-8de6-37fa7c3297f3}</UniqueIdentifier>
    </Filter>
    <Filter Include="Third_Party">
      <UniqueIdentifier>{11573465-8a4d-448f-acc7-67bf43109674}</UniqueIdentifier>
    </Filter>
    <Filter Include="Docs">
      <UniqueIdentifier>{23335532-d6dd-4c87-ba03-fa3ad5a7d2d7}</UniqueIdentifier>
    </Filter>
    <Filter Include="Game">
      <UniqueIdentifier>{14df9c6d-6e5f-4425-8301-782026b8da4e}</UniqueIdentifier>
    </Filter>
    <Filter Include="Application\Graphics">
      <UniqueIdentifier>{f3c3b922-ec10-45c8-b3de-06ca031739be}</UniqueIdentifier>
    </Filter>
    <Filter Include="Application\Console">
      <UniqueIdentifier>{36974115-5103-4048-bf8d-8ffa5a234600}</UniqueIdentifier>
    </Filter>
    <Filter Include="Application\Inputs">
      <UniqueIdentifier>{79ccdd56-8a9a-4075-9ab8-f9db51648c07}</UniqueIdentifier>
    </Filter>
    <Filter Include="Third_Party\cjson">
      <UniqueIdentifier>{4c845885-44ea-4108-843d-49b96cb8ecd2}</UniqueIdentifier>
    </Filter>
    <Filter Include="Third_Party\imgui">
      <UniqueIdentifier>{2070d888-63a0-4e9b-ba1b-fdeba872011b}</UniqueIdentifier>
    </Filter>
    <Filter Include="Third_Party\stb">
      <UniqueIdentifier>{87926539-c38d-415b-9359-c86e86bbe5f7}</UniqueIdentifier>
    </Filter>
    <Filter Include="Application\Resources">
      <UniqueIdentifier>{da58dec7-37a5-4133-a053-5fdd4ea0ad7f}</UniqueIdentifier>
    </Filter>
    <Filter Include="Game\Render">
      <UniqueIdentifier>{e607d4ee-67e8-4d5f-b41f-1bfc554959f7}</UniqueIdentifier>
    </Filter>
    <Filter Include="Game\Scene">
      <UniqueIdentifier>{5d7e5c39-c126-4d85-af00-6cd205e2a863}</UniqueIdentifier>
    </Filter>
    <Filter Include="Third_Party\micropather">
      <UniqueIdentifier>{587d3ed4-1e6f-4f29-a0f0-70825ca6bc5e}</UniqueIdentifier>
    </Filter>
    <Filter Include="Game\Scene\BVH">
      <UniqueIdentifier>{19bc7d6f-74f7-491e-aa51-f41bd63083b6}</UniqueIdentifier>
    </Filter>
    <Filter Include="Game\GameStates">
      <UniqueIdentifier>{3cbb3161-b8b6-449a-ae6c-515a998262af}</UniqueIdentifier>
    </Filter>
    <Filter Include="Data">
      <UniqueIdentifier>{290e9c1f-d463-4d25-9999-f4a7355a22b2}</UniqueIdentifier>
    </Filter>
    <Filter Include="Data\Shaders">
      <UniqueIdentifier>{8b0aa962-d3ec-4c9f-a33f-afa0b1fe407e}</UniqueIdentifier>
    </Filter>
    <Filter Include="Game\Render\Shaders">
      <UniqueIdentifier>{cfb6657e-5426-4871-9802-c0f6ab065078}</UniqueIdentifier>
    </Filter>
    <Filter Include="Game\World">
      <UniqueIdentifier>{407424f7-127b-475d-ba67-a7cf395d1fd5}</UniqueIdentifier>
    </Filter>
    <Filter Include="Application\FileIO">
      <UniqueIdentifier>{6c249930-f16e-4aa9-ba23-2f2a82c2812d}</UniqueIdentifier>
    </Filter>
    <Filter Include="Game\World\Rooms">
      <UniqueIdentifier>{070a4973-7fbe-49b1-acd7-2ba43980fe1f}</UniqueIdentifier>
    </Filter>
    <Filter Include="Game\GameObject">
      <UniqueIdentifier>{594601b6-4a03-416c-b1e3-5ad2709c6c4a}</UniqueIdentifier>
    </Filter>
    <Filter Include="Game\GameObject\Components">
      <UniqueIdentifier>{5b78e975-7e29-42a9-a52f-30b8a952e05d}</UniqueIdentifier>
    </Filter>
    <Filter Include="Game\Scene\CameraControllers">
      <UniqueIdentifier>{23269d5d-8ec3-4467-95fb-43902adf5c8d}</UniqueIdentifier>
    </Filter>
    <Filter Include="Application\ToolsUI">
      <UniqueIdentifier>{cab02080-9d94-428b-9fe1-8cc097e21510}</UniqueIdentifier>
    </Filter>
    <Filter Include="Application\ToolsUI\Windows">
      <UniqueIdentifier>{22d845d7-589e-4583-bc6e-5ee20689b6bb}</UniqueIdentifier>
    </Filter>
    <Filter Include="Game\GameScreens">
      <UniqueIdentifier>{eeceb5ec-b352-4d41-9d41-2f221ceeb14d}</UniqueIdentifier>
    </Filter>
    <Filter Include="Data\Screens">
      <UniqueIdentifier>{28665352-7ac3-458c-84da-6979357bfcc0}</UniqueIdentifier>
    </Filter>
    <Filter Include="Game\UserInterface">
      <UniqueIdentifier>{e2362277-13a2-4543-8c28-1d5e46d9f263}</UniqueIdentifier>
    </Filter>
    <Filter Include="Game\GuiLibrary">
      <UniqueIdentifier>{29e877b2-cd75-42db-97e8-6988bfc8e0c9}</UniqueIdentifier>
    </Filter>
    <Filter Include="Game\GuiLibrary\Widgets">
      <UniqueIdentifier>{75816ac9-2884-4e8b-b301-5a900ad8cfda}</UniqueIdentifier>
    </Filter>
  </ItemGroup>
  <ItemGroup>
    <ClInclude Include="pch.h">
      <Filter>_pch</Filter>
    </ClInclude>
    <ClInclude Include="macro.h">
      <Filter>Lib</Filter>
    </ClInclude>
    <ClInclude Include="enum_utils.h">
      <Filter>Lib</Filter>
    </ClInclude>
    <ClInclude Include="noncopyable.h">
      <Filter>Lib</Filter>
    </ClInclude>
    <ClInclude Include="object_pool.h">
      <Filter>Lib</Filter>
    </ClInclude>
    <ClInclude Include="FileSystem.h">
      <Filter>Application\FileIO</Filter>
    </ClInclude>
    <ClInclude Include="string_utils.h">
      <Filter>Lib</Filter>
    </ClInclude>
    <ClInclude Include="CommonTypes.h">
      <Filter>Application</Filter>
    </ClInclude>
    <ClInclude Include="Console.h">
      <Filter>Application\Console</Filter>
    </ClInclude>
    <ClInclude Include="System.h">
      <Filter>Application</Filter>
    </ClInclude>
    <ClInclude Include="GraphicsDevice.h">
      <Filter>Application\Graphics</Filter>
    </ClInclude>
    <ClInclude Include="GraphicsDefs.h">
      <Filter>Application\Graphics</Filter>
    </ClInclude>
    <ClInclude Include="OpenGL_Defs.h">
      <Filter>Application\Graphics</Filter>
    </ClInclude>
    <ClInclude Include="InputsDefs.h">
      <Filter>Application\Inputs</Filter>
    </ClInclude>
    <ClInclude Include="InputsManager.h">
      <Filter>Application\Inputs</Filter>
    </ClInclude>
    <ClInclude Include="GraphicsDeviceContext.h">
      <Filter>Application\Graphics</Filter>
    </ClInclude>
    <ClInclude Include="VertexFormat.h">
      <Filter>Application\Graphics</Filter>
    </ClInclude>
    <ClInclude Include="version.h" />
    <ClInclude Include="SystemSettings.h">
      <Filter>Application</Filter>
    </ClInclude>
    <ClInclude Include="FileSystemArchive.h">
      <Filter>Application\FileIO</Filter>
    </ClInclude>
    <ClInclude Include="file_utils.h">
      <Filter>Lib</Filter>
    </ClInclude>
    <ClInclude Include="BinaryInputStream.h">
      <Filter>Application\FileIO</Filter>
    </ClInclude>
    <ClInclude Include="randomizer.h">
      <Filter>Lib</Filter>
    </ClInclude>
    <ClInclude Include="intrusive_list.h">
      <Filter>Lib</Filter>
    </ClInclude>
    <ClInclude Include="handle.h">
      <Filter>Lib</Filter>
    </ClInclude>
    <ClInclude Include="math_utils.h">
      <Filter>Lib</Filter>
    </ClInclude>
    <ClInclude Include="math_defs.h">
      <Filter>Lib</Filter>
    </ClInclude>
    <ClInclude Include="3rd_party\cJSON.h">
      <Filter>Third_Party\cjson</Filter>
    </ClInclude>
    <ClInclude Include="3rd_party\imconfig.h">
      <Filter>Third_Party\imgui</Filter>
    </ClInclude>
    <ClInclude Include="3rd_party\imgui.h">
      <Filter>Third_Party\imgui</Filter>
    </ClInclude>
    <ClInclude Include="3rd_party\imgui_internal.h">
      <Filter>Third_Party\imgui</Filter>
    </ClInclude>
    <ClInclude Include="3rd_party\imstb_textedit.h">
      <Filter>Third_Party\imgui</Filter>
    </ClInclude>
    <ClInclude Include="3rd_party\imstb_truetype.h">
      <Filter>Third_Party\imgui</Filter>
    </ClInclude>
    <ClInclude Include="3rd_party\imstb_rectpack.h">
      <Filter>Third_Party\imgui</Filter>
    </ClInclude>
    <ClInclude Include="3rd_party\stb_rect_pack.h">
      <Filter>Third_Party\stb</Filter>
    </ClInclude>
    <ClInclude Include="3rd_party\stb_sprintf.h">
      <Filter>Third_Party\stb</Filter>
    </ClInclude>
    <ClInclude Include="3rd_party\stb_image_write.h">
      <Filter>Third_Party\stb</Filter>
    </ClInclude>
    <ClInclude Include="path_utils.h">
      <Filter>Lib</Filter>
    </ClInclude>
    <ClInclude Include="GpuTextureArray2D.h">
      <Filter>Application\Graphics</Filter>
    </ClInclude>
    <ClInclude Include="GpuTexture2D.h">
      <Filter>Application\Graphics</Filter>
    </ClInclude>
    <ClInclude Include="GpuBuffer.h">
      <Filter>Application\Graphics</Filter>
    </ClInclude>
    <ClInclude Include="GpuBufferTexture.h">
      <Filter>Application\Graphics</Filter>
    </ClInclude>
    <ClInclude Include="GpuProgram.h">
      <Filter>Application\Graphics</Filter>
    </ClInclude>
    <ClInclude Include="json_document.h">
      <Filter>Lib</Filter>
    </ClInclude>
    <ClInclude Include="RenderManager.h">
      <Filter>Game\Render</Filter>
    </ClInclude>
    <ClInclude Include="RenderDefs.h">
      <Filter>Game\Render</Filter>
    </ClInclude>
    <ClInclude Include="TimeManager.h">
      <Filter>Application</Filter>
    </ClInclude>
    <ClInclude Include="RenderProgram.h">
      <Filter>Game\Render</Filter>
    </ClInclude>
    <ClInclude Include="BinaryOutputStream.h">
      <Filter>Application\FileIO</Filter>
    </ClInclude>
    <ClInclude Include="GameDefs.h">
      <Filter>Game</Filter>
    </ClInclude>
    <ClInclude Include="micropather.h">
      <Filter>Third_Party\micropather</Filter>
    </ClInclude>
    <ClInclude Include="EngineTexturesProvider.h">
      <Filter>Application\FileIO</Filter>
    </ClInclude>
    <ClInclude Include="TexturesManager.h">
      <Filter>Application\Resources</Filter>
    </ClInclude>
    <ClInclude Include="Texture2D.h">
      <Filter>Application\Resources</Filter>
    </ClInclude>
    <ClInclude Include="common_utils.h">
      <Filter>Lib</Filter>
    </ClInclude>
    <ClInclude Include="Texture2D_Image.h">
      <Filter>Application\Resources</Filter>
    </ClInclude>
    <ClInclude Include="AABBTree.h">
      <Filter>Game\Scene\BVH</Filter>
    </ClInclude>
    <ClInclude Include="DebugRenderer.h">
      <Filter>Game\Render</Filter>
    </ClInclude>
    <ClInclude Include="Texture2DAnimation.h">
      <Filter>Application\Resources</Filter>
    </ClInclude>
    <ClInclude Include="SceneDefs.h">
      <Filter>Game\Scene</Filter>
    </ClInclude>
    <ClInclude Include="SceneCamera.h">
      <Filter>Game\Scene</Filter>
    </ClInclude>
    <ClInclude Include="ConsoleDefs.h">
      <Filter>Application\Console</Filter>
    </ClInclude>
    <ClInclude Include="ConsoleVariable.h">
      <Filter>Application\Console</Filter>
    </ClInclude>
    <ClInclude Include="ConsoleVariable.inl">
      <Filter>Application\Console</Filter>
    </ClInclude>
    <ClInclude Include="GameMain.h">
      <Filter>Game</Filter>
    </ClInclude>
    <ClInclude Include="DebugDrawRenderProgram.h">
      <Filter>Game\Render\Shaders</Filter>
    </ClInclude>
    <ClInclude Include="MeshViewGamestate.h">
      <Filter>Game\GameStates</Filter>
    </ClInclude>
    <ClInclude Include="GenericGamestate.h">
      <Filter>Game</Filter>
    </ClInclude>
    <ClInclude Include="cvars.h" />
    <ClInclude Include="ModelAsset.h">
      <Filter>Application\Resources</Filter>
    </ClInclude>
    <ClInclude Include="ModelAssetsManager.h">
      <Filter>Application\Resources</Filter>
    </ClInclude>
    <ClInclude Include="RenderScene.h">
      <Filter>Game\Scene</Filter>
    </ClInclude>
    <ClInclude Include="ResourceDefs.h">
      <Filter>Application\Resources</Filter>
    </ClInclude>
    <ClInclude Include="MorphAnimRenderProgram.h">
      <Filter>Game\Render\Shaders</Filter>
    </ClInclude>
    <ClInclude Include="SceneRenderList.h">
      <Filter>Game\Scene</Filter>
    </ClInclude>
    <ClInclude Include="GameplayGamestate.h">
      <Filter>Game\GameStates</Filter>
    </ClInclude>
    <ClInclude Include="ScenarioDefs.h">
      <Filter>Game</Filter>
    </ClInclude>
    <ClInclude Include="GameWorld.h">
      <Filter>Game\World</Filter>
    </ClInclude>
    <ClInclude Include="CreatureDefs.h">
      <Filter>Game\World</Filter>
    </ClInclude>
    <ClInclude Include="GameObjectsDefs.h">
      <Filter>Game\World</Filter>
    </ClInclude>
    <ClInclude Include="ScenarioLoader.h">
      <Filter>Game</Filter>
    </ClInclude>
    <ClInclude Include="MapTile.h">
      <Filter>Game\World</Filter>
    </ClInclude>
    <ClInclude Include="TerrainRenderProgram.h">
      <Filter>Game\Render\Shaders</Filter>
    </ClInclude>
    <ClInclude Include="TerrainManager.h">
      <Filter>Game\World</Filter>
    </ClInclude>
    <ClInclude Include="DungeonBuilder.h">
      <Filter>Game\World</Filter>
    </ClInclude>
    <ClInclude Include="GameMap.h">
      <Filter>Game\World</Filter>
    </ClInclude>
    <ClInclude Include="TerrainMeshRenderer.h">
      <Filter>Game\Render</Filter>
    </ClInclude>
    <ClInclude Include="AnimatingModelsRenderer.h">
      <Filter>Game\Render</Filter>
    </ClInclude>
    <ClInclude Include="WaterLavaRenderProgram.h">
      <Filter>Game\Render\Shaders</Filter>
    </ClInclude>
    <ClInclude Include="WaterLavaMeshRenderer.h">
      <Filter>Game\Render</Filter>
    </ClInclude>
    <ClInclude Include="RoomsDefs.h">
      <Filter>Game\World\Rooms</Filter>
    </ClInclude>
    <ClInclude Include="GenericRoom.h">
      <Filter>Game\World\Rooms</Filter>
    </ClInclude>
    <ClInclude Include="RoomsManager.h">
      <Filter>Game\World\Rooms</Filter>
    </ClInclude>
    <ClInclude Include="WallSection.h">
      <Filter>Game\World\Rooms</Filter>
    </ClInclude>
    <ClInclude Include="TempleRoom.h">
      <Filter>Game\World\Rooms</Filter>
    </ClInclude>
    <ClInclude Include="GameObject.h">
      <Filter>Game\GameObject</Filter>
    </ClInclude>
    <ClInclude Include="GameObjectComponent.h">
      <Filter>Game\GameObject</Filter>
    </ClInclude>
    <ClInclude Include="GameObjectsManager.h">
      <Filter>Game\GameObject</Filter>
    </ClInclude>
    <ClInclude Include="TransformComponent.h">
      <Filter>Game\GameObject\Components</Filter>
    </ClInclude>
    <ClInclude Include="AnimModelComponent.h">
      <Filter>Game\GameObject\Components</Filter>
    </ClInclude>
    <ClInclude Include="TerrainMeshComponent.h">
      <Filter>Game\GameObject\Components</Filter>
    </ClInclude>
    <ClInclude Include="WaterLavaMeshComponent.h">
      <Filter>Game\GameObject\Components</Filter>
    </ClInclude>
    <ClInclude Include="MeshMaterial.h">
      <Filter>Game\Render</Filter>
    </ClInclude>
    <ClInclude Include="OrbitCameraController.h">
      <Filter>Game\Scene\CameraControllers</Filter>
    </ClInclude>
    <ClInclude Include="CameraController.h">
      <Filter>Game\Scene\CameraControllers</Filter>
    </ClInclude>
    <ClInclude Include="GameObjectComponentsFactory.h">
      <Filter>Game\GameObject\Components</Filter>
    </ClInclude>
    <ClInclude Include="GuiRenderProgram.h">
      <Filter>Game\Render\Shaders</Filter>
    </ClInclude>
    <ClInclude Include="GuiDefs.h">
      <Filter>Game\GuiLibrary</Filter>
    </ClInclude>
    <ClInclude Include="GuiManager.h">
      <Filter>Game\GuiLibrary</Filter>
    </ClInclude>
    <ClInclude Include="GuiWidget.h">
      <Filter>Game\GuiLibrary\Widgets</Filter>
    </ClInclude>
    <ClInclude Include="GuiRenderer.h">
      <Filter>Game\GuiLibrary</Filter>
    </ClInclude>
    <ClInclude Include="GuiPictureBox.h">
      <Filter>Game\GuiLibrary\Widgets</Filter>
    </ClInclude>
    <ClInclude Include="GuiButton.h">
      <Filter>Game\GuiLibrary\Widgets</Filter>
    </ClInclude>
    <ClInclude Include="GuiEvent.h">
      <Filter>Game\GuiLibrary</Filter>
    </ClInclude>
    <ClInclude Include="3rd_party\stb_image.h">
      <Filter>Third_Party\stb</Filter>
    </ClInclude>
    <ClInclude Include="ToolsUIWindow.h">
      <Filter>Application\ToolsUI</Filter>
    </ClInclude>
    <ClInclude Include="ToolsUIManager.h">
      <Filter>Application\ToolsUI</Filter>
    </ClInclude>
    <ClInclude Include="ToolsUIConsoleWindow.h">
      <Filter>Application\ToolsUI\Windows</Filter>
    </ClInclude>
    <ClInclude Include="ToolsUIMeshViewWindow.h">
      <Filter>Application\ToolsUI\Windows</Filter>
    </ClInclude>
    <ClInclude Include="ToolsUISceneStatisticsWindow.h">
      <Filter>Application\ToolsUI\Windows</Filter>
    </ClInclude>
    <ClInclude Include="GuiHierarchy.h">
      <Filter>Game\GuiLibrary</Filter>
    </ClInclude>
    <ClInclude Include="GuiScrollbar.h">
      <Filter>Game\GuiLibrary\Widgets</Filter>
    </ClInclude>
    <ClInclude Include="unique_string.h">
      <Filter>Lib</Filter>
    </ClInclude>
    <ClInclude Include="GuiHelpers.h">
      <Filter>Game\GuiLibrary</Filter>
    </ClInclude>
    <ClInclude Include="logical_expression.h">
      <Filter>Lib</Filter>
    </ClInclude>
    <ClInclude Include="GuiAction.h">
      <Filter>Game\GuiLibrary</Filter>
    </ClInclude>
    <ClInclude Include="GuiLayout.h">
      <Filter>Game\GuiLibrary</Filter>
    </ClInclude>
    <ClInclude Include="GuiScreen.h">
      <Filter>Game\GuiLibrary</Filter>
    </ClInclude>
    <ClInclude Include="GuiTestGamestate.h">
      <Filter>Game\GameStates</Filter>
    </ClInclude>
    <ClInclude Include="GuiTestScreen.h">
      <Filter>Game\GameScreens</Filter>
    </ClInclude>
    <ClInclude Include="GodmodeCameraController.h">
      <Filter>Game\Scene\CameraControllers</Filter>
    </ClInclude>
    <ClInclude Include="GameplayGameScreen.h">
      <Filter>Game\GameScreens</Filter>
    </ClInclude>
    <ClInclude Include="UserInterfaceDefs.h">
      <Filter>Game\UserInterface</Filter>
    </ClInclude>
    <ClInclude Include="UiCtlPanelIcon.h">
      <Filter>Game\UserInterface</Filter>
    </ClInclude>
    <ClInclude Include="UiCtlPanelBar.h">
      <Filter>Game\UserInterface</Filter>
    </ClInclude>
    <ClInclude Include="MapInteractionController.h">
      <Filter>Game\World</Filter>
    </ClInclude>
  </ItemGroup>
  <ItemGroup>
    <ClCompile Include="pch.cpp">
      <Filter>_pch</Filter>
    </ClCompile>
    <ClCompile Include="Main.cpp" />
    <ClCompile Include="enums_impl.cpp" />
    <ClCompile Include="FileSystem.cpp">
      <Filter>Application\FileIO</Filter>
    </ClCompile>
    <ClCompile Include="CommonTypes.cpp">
      <Filter>Application</Filter>
    </ClCompile>
    <ClCompile Include="Console.cpp">
      <Filter>Application\Console</Filter>
    </ClCompile>
    <ClCompile Include="System.cpp">
      <Filter>Application</Filter>
    </ClCompile>
    <ClCompile Include="GraphicsDevice.cpp">
      <Filter>Application\Graphics</Filter>
    </ClCompile>
    <ClCompile Include="InputsManager.cpp">
      <Filter>Application\Inputs</Filter>
    </ClCompile>
    <ClCompile Include="SystemSettings.cpp">
      <Filter>Application</Filter>
    </ClCompile>
    <ClCompile Include="FileSystemArchive.cpp">
      <Filter>Application\FileIO</Filter>
    </ClCompile>
    <ClCompile Include="BinaryInputStream.cpp">
      <Filter>Application\FileIO</Filter>
    </ClCompile>
    <ClCompile Include="3rd_party\cJSON.cpp">
      <Filter>Third_Party\cjson</Filter>
    </ClCompile>
    <ClCompile Include="3rd_party\imgui.cpp">
      <Filter>Third_Party\imgui</Filter>
    </ClCompile>
    <ClCompile Include="3rd_party\imgui_demo.cpp">
      <Filter>Third_Party\imgui</Filter>
    </ClCompile>
    <ClCompile Include="3rd_party\imgui_draw.cpp">
      <Filter>Third_Party\imgui</Filter>
    </ClCompile>
    <ClCompile Include="3rd_party\imgui_widgets.cpp">
      <Filter>Third_Party\imgui</Filter>
    </ClCompile>
    <ClCompile Include="3rd_party\stb_rect_pack.cpp">
      <Filter>Third_Party\stb</Filter>
    </ClCompile>
    <ClCompile Include="stb_image.cpp">
      <Filter>Third_Party\stb</Filter>
    </ClCompile>
    <ClCompile Include="GpuTextureArray2D.cpp">
      <Filter>Application\Graphics</Filter>
    </ClCompile>
    <ClCompile Include="GpuTexture2D.cpp">
      <Filter>Application\Graphics</Filter>
    </ClCompile>
    <ClCompile Include="GpuBuffer.cpp">
      <Filter>Application\Graphics</Filter>
    </ClCompile>
    <ClCompile Include="GpuBufferTexture.cpp">
      <Filter>Application\Graphics</Filter>
    </ClCompile>
    <ClCompile Include="GpuProgram.cpp">
      <Filter>Application\Graphics</Filter>
    </ClCompile>
    <ClCompile Include="json_document.cpp">
      <Filter>Lib</Filter>
    </ClCompile>
    <ClCompile Include="RenderManager.cpp">
      <Filter>Game\Render</Filter>
    </ClCompile>
    <ClCompile Include="TimeManager.cpp">
      <Filter>Application</Filter>
    </ClCompile>
    <ClCompile Include="RenderProgram.cpp">
      <Filter>Game\Render</Filter>
    </ClCompile>
    <ClCompile Include="BinaryOutputStream.cpp">
      <Filter>Application\FileIO</Filter>
    </ClCompile>
    <ClCompile Include="micropather.cpp">
      <Filter>Third_Party\micropather</Filter>
    </ClCompile>
    <ClCompile Include="EngineTexturesProvider.cpp">
      <Filter>Application\FileIO</Filter>
    </ClCompile>
    <ClCompile Include="TexturesManager.cpp">
      <Filter>Application\Resources</Filter>
    </ClCompile>
    <ClCompile Include="Texture2D.cpp">
      <Filter>Application\Resources</Filter>
    </ClCompile>
    <ClCompile Include="Texture2D_Image.cpp">
      <Filter>Application\Resources</Filter>
    </ClCompile>
    <ClCompile Include="AABBTree.cpp">
      <Filter>Game\Scene\BVH</Filter>
    </ClCompile>
    <ClCompile Include="DebugRenderer.cpp">
      <Filter>Game\Render</Filter>
    </ClCompile>
    <ClCompile Include="Texture2DAnimation.cpp">
      <Filter>Application\Resources</Filter>
    </ClCompile>
    <ClCompile Include="SceneCamera.cpp">
      <Filter>Game\Scene</Filter>
    </ClCompile>
    <ClCompile Include="ConsoleVariable.cpp">
      <Filter>Application\Console</Filter>
    </ClCompile>
    <ClCompile Include="GameMain.cpp">
      <Filter>Game</Filter>
    </ClCompile>
    <ClCompile Include="MeshViewGamestate.cpp">
      <Filter>Game\GameStates</Filter>
    </ClCompile>
    <ClCompile Include="ModelAsset.cpp">
      <Filter>Application\Resources</Filter>
    </ClCompile>
    <ClCompile Include="ModelAssetsManager.cpp">
      <Filter>Application\Resources</Filter>
    </ClCompile>
    <ClCompile Include="RenderScene.cpp">
      <Filter>Game\Scene</Filter>
    </ClCompile>
    <ClCompile Include="GameplayGamestate.cpp">
      <Filter>Game\GameStates</Filter>
    </ClCompile>
    <ClCompile Include="GameWorld.cpp">
      <Filter>Game\World</Filter>
    </ClCompile>
    <ClCompile Include="ScenarioLoader.cpp">
      <Filter>Game</Filter>
    </ClCompile>
    <ClCompile Include="string_utils.cpp">
      <Filter>Lib</Filter>
    </ClCompile>
    <ClCompile Include="MapTile.cpp">
      <Filter>Game\World</Filter>
    </ClCompile>
    <ClCompile Include="TerrainManager.cpp">
      <Filter>Game\World</Filter>
    </ClCompile>
    <ClCompile Include="DungeonBuilder.cpp">
      <Filter>Game\World</Filter>
    </ClCompile>
    <ClCompile Include="GameMap.cpp">
      <Filter>Game\World</Filter>
    </ClCompile>
    <ClCompile Include="TerrainMeshRenderer.cpp">
      <Filter>Game\Render</Filter>
    </ClCompile>
    <ClCompile Include="AnimatingModelsRenderer.cpp">
      <Filter>Game\Render</Filter>
    </ClCompile>
    <ClCompile Include="WaterLavaMeshRenderer.cpp">
      <Filter>Game\Render</Filter>
    </ClCompile>
    <ClCompile Include="GenericRoom.cpp">
      <Filter>Game\World\Rooms</Filter>
    </ClCompile>
    <ClCompile Include="RoomsManager.cpp">
      <Filter>Game\World\Rooms</Filter>
    </ClCompile>
    <ClCompile Include="WallSection.cpp">
      <Filter>Game\World\Rooms</Filter>
    </ClCompile>
    <ClCompile Include="TempleRoom.cpp">
      <Filter>Game\World\Rooms</Filter>
    </ClCompile>
    <ClCompile Include="SceneRenderList.cpp">
      <Filter>Game\Scene</Filter>
    </ClCompile>
    <ClCompile Include="GameObject.cpp">
      <Filter>Game\GameObject</Filter>
    </ClCompile>
    <ClCompile Include="GameObjectsManager.cpp">
      <Filter>Game\GameObject</Filter>
    </ClCompile>
    <ClCompile Include="TransformComponent.cpp">
      <Filter>Game\GameObject\Components</Filter>
    </ClCompile>
    <ClCompile Include="AnimModelComponent.cpp">
      <Filter>Game\GameObject\Components</Filter>
    </ClCompile>
    <ClCompile Include="TerrainMeshComponent.cpp">
      <Filter>Game\GameObject\Components</Filter>
    </ClCompile>
    <ClCompile Include="WaterLavaMeshComponent.cpp">
      <Filter>Game\GameObject\Components</Filter>
    </ClCompile>
    <ClCompile Include="MeshMaterial.cpp">
      <Filter>Game\Render</Filter>
    </ClCompile>
    <ClCompile Include="OrbitCameraController.cpp">
      <Filter>Game\Scene\CameraControllers</Filter>
    </ClCompile>
    <ClCompile Include="GameObjectComponentsFactory.cpp">
      <Filter>Game\GameObject\Components</Filter>
    </ClCompile>
    <ClCompile Include="GuiManager.cpp">
      <Filter>Game\GuiLibrary</Filter>
    </ClCompile>
    <ClCompile Include="GuiWidget.cpp">
      <Filter>Game\GuiLibrary\Widgets</Filter>
    </ClCompile>
    <ClCompile Include="GuiRenderer.cpp">
      <Filter>Game\GuiLibrary</Filter>
    </ClCompile>
    <ClCompile Include="GuiPictureBox.cpp">
      <Filter>Game\GuiLibrary\Widgets</Filter>
    </ClCompile>
    <ClCompile Include="GuiButton.cpp">
      <Filter>Game\GuiLibrary\Widgets</Filter>
    </ClCompile>
    <ClCompile Include="GuiEvent.cpp">
      <Filter>Game\GuiLibrary</Filter>
    </ClCompile>
    <ClCompile Include="ToolsUIWindow.cpp">
      <Filter>Application\ToolsUI</Filter>
    </ClCompile>
    <ClCompile Include="ToolsUIManager.cpp">
      <Filter>Application\ToolsUI</Filter>
    </ClCompile>
    <ClCompile Include="ToolsUIConsoleWindow.cpp">
      <Filter>Application\ToolsUI\Windows</Filter>
    </ClCompile>
    <ClCompile Include="ToolsUIMeshViewWindow.cpp">
      <Filter>Application\ToolsUI\Windows</Filter>
    </ClCompile>
    <ClCompile Include="ToolsUISceneStatisticsWindow.cpp">
      <Filter>Application\ToolsUI\Windows</Filter>
    </ClCompile>
    <ClCompile Include="GuiHierarchy.cpp">
      <Filter>Game\GuiLibrary</Filter>
    </ClCompile>
    <ClCompile Include="GuiScrollbar.cpp">
      <Filter>Game\GuiLibrary\Widgets</Filter>
    </ClCompile>
    <ClCompile Include="unique_string.cpp">
      <Filter>Lib</Filter>
    </ClCompile>
    <ClCompile Include="GuiHelpers.cpp">
      <Filter>Game\GuiLibrary</Filter>
    </ClCompile>
    <ClCompile Include="GuiAction.cpp">
      <Filter>Game\GuiLibrary</Filter>
    </ClCompile>
    <ClCompile Include="GuiLayout.cpp">
      <Filter>Game\GuiLibrary</Filter>
    </ClCompile>
    <ClCompile Include="GuiScreen.cpp">
      <Filter>Game\GuiLibrary</Filter>
    </ClCompile>
    <ClCompile Include="GuiTestGamestate.cpp">
      <Filter>Game\GameStates</Filter>
    </ClCompile>
    <ClCompile Include="GuiTestScreen.cpp">
      <Filter>Game\GameScreens</Filter>
    </ClCompile>
    <ClCompile Include="GodmodeCameraController.cpp">
      <Filter>Game\Scene\CameraControllers</Filter>
    </ClCompile>
    <ClCompile Include="GameplayGameScreen.cpp">
      <Filter>Game\GameScreens</Filter>
    </ClCompile>
    <ClCompile Include="UiCtlPanelIcon.cpp">
      <Filter>Game\UserInterface</Filter>
    </ClCompile>
    <ClCompile Include="UiCtlPanelBar.cpp">
      <Filter>Game\UserInterface</Filter>
    </ClCompile>
    <ClCompile Include="MapInteractionController.cpp">
      <Filter>Game\World</Filter>
    </ClCompile>
    <ClCompile Include="UserInterface.cpp">
      <Filter>Game\UserInterface</Filter>
    </ClCompile>
  </ItemGroup>
  <ItemGroup>
    <Text Include="..\docs\creatures_anims.txt">
      <Filter>Docs</Filter>
    </Text>
    <Text Include="..\docs\engine_textures.txt">
      <Filter>Docs</Filter>
    </Text>
    <Text Include="..\docs\jobs.txt">
      <Filter>Docs</Filter>
    </Text>
    <Text Include="..\docs\objects_names.txt">
      <Filter>Docs</Filter>
    </Text>
    <Text Include="..\docs\terrains.txt">
      <Filter>Docs</Filter>
    </Text>
  </ItemGroup>
  <ItemGroup>
    <None Include="..\data\shaders\gui.glsl">
      <Filter>Data\Shaders</Filter>
    </None>
    <None Include="AABBTree.inl">
      <Filter>Game\Scene\BVH</Filter>
    </None>
    <None Include="..\data\shaders\debug.glsl">
      <Filter>Data\Shaders</Filter>
    </None>
    <None Include="..\data\shaders\anim_blend_frames.glsl">
      <Filter>Data\Shaders</Filter>
    </None>
    <None Include="..\data\shaders\terrain.glsl">
      <Filter>Data\Shaders</Filter>
    </None>
    <None Include="..\data\shaders\water_lava.glsl">
      <Filter>Data\Shaders</Filter>
    </None>
    <None Include="..\data\screens\gui_test.json">
      <Filter>Data\Screens</Filter>
    </None>
    <None Include="..\data\screens\gui_screens.json">
      <Filter>Data\Screens</Filter>
    </None>
    <None Include="..\data\screens\gameplay_game_screen.json">
      <Filter>Data\Screens</Filter>
    </None>
  </ItemGroup>
</Project>